{
  "name": "prismic-proxy",
  "version": "1.0.0",
  "lockfileVersion": 3,
  "requires": true,
  "packages": {
    "": {
      "name": "prismic-proxy",
      "version": "1.0.0",
      "license": "ISC",
      "dependencies": {
        "@prismicio/client": "^7.15.1"
      }
    },
    "node_modules/@prismicio/client": {
      "version": "7.15.1",
      "resolved": "https://registry.npmjs.org/@prismicio/client/-/client-7.15.1.tgz",
      "integrity": "sha512-GjOMRxoXm4zux9NolcCQJITwhj5nsWZz+bewO7zA2g1wdAM8rgAPlr0T0+bC/CcXnhznBF/gdfpGOXiHsjJ1WQ==",
      "license": "Apache-2.0",
      "dependencies": {
        "imgix-url-builder": "^0.0.5"
      },
      "engines": {
        "node": ">=14.15.0"
      }
    },
    "node_modules/imgix-url-builder": {
      "version": "0.0.5",
      "resolved": "https://registry.npmjs.org/imgix-url-builder/-/imgix-url-builder-0.0.5.tgz",
      "integrity": "sha512-dCx3UlXghtsjySoqVCcHQHRikqDummwQEfKlxBUK/wrMzd+1ox/XX+zhqVuXKMVuZvCc84pVLEJyntQB0OOi/w==",
      "license": "Apache-2.0",
      "engines": {
        "node": ">=12.7.0"
      }
    }
  }
}
